// !$*UTF8*$!
{
	archiveVersion = 1;
	classes = {
	};
	objectVersion = 50;
	objects = {

/* Begin PBXBuildFile section */
		04D4EF23F8D40EA7CDFAA974 /* Pods_SJSecurity.framework in Frameworks */ = {isa = PBXBuildFile; fileRef = DB5D132E634202ECEBCB2E4B /* Pods_SJSecurity.framework */; };
		18A1D09523F92850005FF26D /* RSAKeyPair.swift in Sources */ = {isa = PBXBuildFile; fileRef = 18A1D09423F92850005FF26D /* RSAKeyPair.swift */; };
		18E964B423F7D5FB0073C25B /* AppDelegate.swift in Sources */ = {isa = PBXBuildFile; fileRef = 18E964B323F7D5FB0073C25B /* AppDelegate.swift */; };
		18E964B623F7D5FB0073C25B /* SceneDelegate.swift in Sources */ = {isa = PBXBuildFile; fileRef = 18E964B523F7D5FB0073C25B /* SceneDelegate.swift */; };
		18E964B823F7D5FB0073C25B /* ViewController.swift in Sources */ = {isa = PBXBuildFile; fileRef = 18E964B723F7D5FB0073C25B /* ViewController.swift */; };
		18E964BB23F7D5FB0073C25B /* Main.storyboard in Resources */ = {isa = PBXBuildFile; fileRef = 18E964B923F7D5FB0073C25B /* Main.storyboard */; };
		18E964BD23F7D5FE0073C25B /* Assets.xcassets in Resources */ = {isa = PBXBuildFile; fileRef = 18E964BC23F7D5FE0073C25B /* Assets.xcassets */; };
		18E964C023F7D5FE0073C25B /* LaunchScreen.storyboard in Resources */ = {isa = PBXBuildFile; fileRef = 18E964BE23F7D5FE0073C25B /* LaunchScreen.storyboard */; };
		18E964C923F7EFB60073C25B /* Data+AES.swift in Sources */ = {isa = PBXBuildFile; fileRef = 18E964C823F7EFB60073C25B /* Data+AES.swift */; };
/* End PBXBuildFile section */

/* Begin PBXFileReference section */
		18A1D09423F92850005FF26D /* RSAKeyPair.swift */ = {isa = PBXFileReference; lastKnownFileType = sourcecode.swift; path = RSAKeyPair.swift; sourceTree = "<group>"; };
		18E964B023F7D5FB0073C25B /* SJSecurity.app */ = {isa = PBXFileReference; explicitFileType = wrapper.application; includeInIndex = 0; path = SJSecurity.app; sourceTree = BUILT_PRODUCTS_DIR; };
		18E964B323F7D5FB0073C25B /* AppDelegate.swift */ = {isa = PBXFileReference; lastKnownFileType = sourcecode.swift; path = AppDelegate.swift; sourceTree = "<group>"; };
		18E964B523F7D5FB0073C25B /* SceneDelegate.swift */ = {isa = PBXFileReference; lastKnownFileType = sourcecode.swift; path = SceneDelegate.swift; sourceTree = "<group>"; };
		18E964B723F7D5FB0073C25B /* ViewController.swift */ = {isa = PBXFileReference; lastKnownFileType = sourcecode.swift; path = ViewController.swift; sourceTree = "<group>"; };
		18E964BA23F7D5FB0073C25B /* Base */ = {isa = PBXFileReference; lastKnownFileType = file.storyboard; name = Base; path = Base.lproj/Main.storyboard; sourceTree = "<group>"; };
		18E964BC23F7D5FE0073C25B /* Assets.xcassets */ = {isa = PBXFileReference; lastKnownFileType = folder.assetcatalog; path = Assets.xcassets; sourceTree = "<group>"; };
		18E964BF23F7D5FE0073C25B /* Base */ = {isa = PBXFileReference; lastKnownFileType = file.storyboard; name = Base; path = Base.lproj/LaunchScreen.storyboard; sourceTree = "<group>"; };
		18E964C123F7D5FE0073C25B /* Info.plist */ = {isa = PBXFileReference; lastKnownFileType = text.plist.xml; path = Info.plist; sourceTree = "<group>"; };
		18E964C823F7EFB60073C25B /* Data+AES.swift */ = {isa = PBXFileReference; lastKnownFileType = sourcecode.swift; path = "Data+AES.swift"; sourceTree = "<group>"; };
		60951396F0FDD50A46466060 /* Pods-SJSecurity.release.xcconfig */ = {isa = PBXFileReference; includeInIndex = 1; lastKnownFileType = text.xcconfig; name = "Pods-SJSecurity.release.xcconfig"; path = "Target Support Files/Pods-SJSecurity/Pods-SJSecurity.release.xcconfig"; sourceTree = "<group>"; };
		DB5D132E634202ECEBCB2E4B /* Pods_SJSecurity.framework */ = {isa = PBXFileReference; explicitFileType = wrapper.framework; includeInIndex = 0; path = Pods_SJSecurity.framework; sourceTree = BUILT_PRODUCTS_DIR; };
		FCF66B96368A097070FF9BAA /* Pods-SJSecurity.debug.xcconfig */ = {isa = PBXFileReference; includeInIndex = 1; lastKnownFileType = text.xcconfig; name = "Pods-SJSecurity.debug.xcconfig"; path = "Target Support Files/Pods-SJSecurity/Pods-SJSecurity.debug.xcconfig"; sourceTree = "<group>"; };
/* End PBXFileReference section */

/* Begin PBXFrameworksBuildPhase section */
		18E964AD23F7D5FB0073C25B /* Frameworks */ = {
			isa = PBXFrameworksBuildPhase;
			buildActionMask = 2147483647;
			files = (
				04D4EF23F8D40EA7CDFAA974 /* Pods_SJSecurity.framework in Frameworks */,
			);
			runOnlyForDeploymentPostprocessing = 0;
		};
/* End PBXFrameworksBuildPhase section */

/* Begin PBXGroup section */
		18E964A723F7D5FB0073C25B = {
			isa = PBXGroup;
			children = (
				18E964C723F7EFA10073C25B /* SJSecurityKit */,
				18E964B223F7D5FB0073C25B /* SJSecurity */,
				18E964B123F7D5FB0073C25B /* Products */,
				D01A1305AB2D125FAD8758EF /* Pods */,
				AEC2B3D785393BE76C7DA122 /* Frameworks */,
			);
			sourceTree = "<group>";
		};
		18E964B123F7D5FB0073C25B /* Products */ = {
			isa = PBXGroup;
			children = (
				18E964B023F7D5FB0073C25B /* SJSecurity.app */,
			);
			name = Products;
			sourceTree = "<group>";
		};
		18E964B223F7D5FB0073C25B /* SJSecurity */ = {
			isa = PBXGroup;
			children = (
				18E964B323F7D5FB0073C25B /* AppDelegate.swift */,
				18E964B523F7D5FB0073C25B /* SceneDelegate.swift */,
				18E964B723F7D5FB0073C25B /* ViewController.swift */,
				18E964B923F7D5FB0073C25B /* Main.storyboard */,
				18E964BC23F7D5FE0073C25B /* Assets.xcassets */,
				18E964BE23F7D5FE0073C25B /* LaunchScreen.storyboard */,
				18E964C123F7D5FE0073C25B /* Info.plist */,
			);
			path = SJSecurity;
			sourceTree = "<group>";
		};
		18E964C723F7EFA10073C25B /* SJSecurityKit */ = {
			isa = PBXGroup;
			children = (
				18E964C823F7EFB60073C25B /* Data+AES.swift */,
				18A1D09423F92850005FF26D /* RSAKeyPair.swift */,
			);
			path = SJSecurityKit;
			sourceTree = "<group>";
		};
		AEC2B3D785393BE76C7DA122 /* Frameworks */ = {
			isa = PBXGroup;
			children = (
				DB5D132E634202ECEBCB2E4B /* Pods_SJSecurity.framework */,
			);
			name = Frameworks;
			sourceTree = "<group>";
		};
		D01A1305AB2D125FAD8758EF /* Pods */ = {
			isa = PBXGroup;
			children = (
				FCF66B96368A097070FF9BAA /* Pods-SJSecurity.debug.xcconfig */,
				60951396F0FDD50A46466060 /* Pods-SJSecurity.release.xcconfig */,
			);
			path = Pods;
			sourceTree = "<group>";
		};
/* End PBXGroup section */

/* Begin PBXNativeTarget section */
		18E964AF23F7D5FB0073C25B /* SJSecurity */ = {
			isa = PBXNativeTarget;
			buildConfigurationList = 18E964C423F7D5FE0073C25B /* Build configuration list for PBXNativeTarget "SJSecurity" */;
			buildPhases = (
				986A8B5C7323FFEFD70283BA /* [CP] Check Pods Manifest.lock */,
				18E964AC23F7D5FB0073C25B /* Sources */,
				18E964AD23F7D5FB0073C25B /* Frameworks */,
				18E964AE23F7D5FB0073C25B /* Resources */,
			);
			buildRules = (
			);
			dependencies = (
			);
			name = SJSecurity;
			productName = SJSecurity;
			productReference = 18E964B023F7D5FB0073C25B /* SJSecurity.app */;
			productType = "com.apple.product-type.application";
		};
/* End PBXNativeTarget section */

/* Begin PBXProject section */
		18E964A823F7D5FB0073C25B /* Project object */ = {
			isa = PBXProject;
			attributes = {
				LastSwiftUpdateCheck = 1130;
				LastUpgradeCheck = 1130;
				ORGANIZATIONNAME = "周社军";
				TargetAttributes = {
					18E964AF23F7D5FB0073C25B = {
						CreatedOnToolsVersion = 11.3.1;
					};
				};
			};
			buildConfigurationList = 18E964AB23F7D5FB0073C25B /* Build configuration list for PBXProject "SJSecurity" */;
			compatibilityVersion = "Xcode 9.3";
			developmentRegion = en;
			hasScannedForEncodings = 0;
			knownRegions = (
				en,
				Base,
			);
			mainGroup = 18E964A723F7D5FB0073C25B;
			productRefGroup = 18E964B123F7D5FB0073C25B /* Products */;
			projectDirPath = "";
			projectRoot = "";
			targets = (
				18E964AF23F7D5FB0073C25B /* SJSecurity */,
			);
		};
/* End PBXProject section */

/* Begin PBXResourcesBuildPhase section */
		18E964AE23F7D5FB0073C25B /* Resources */ = {
			isa = PBXResourcesBuildPhase;
			buildActionMask = 2147483647;
			files = (
				18E964C023F7D5FE0073C25B /* LaunchScreen.storyboard in Resources */,
				18E964BD23F7D5FE0073C25B /* Assets.xcassets in Resources */,
				18E964BB23F7D5FB0073C25B /* Main.storyboard in Resources */,
			);
			runOnlyForDeploymentPostprocessing = 0;
		};
/* End PBXResourcesBuildPhase section */

/* Begin PBXShellScriptBuildPhase section */
		986A8B5C7323FFEFD70283BA /* [CP] Check Pods Manifest.lock */ = {
			isa = PBXShellScriptBuildPhase;
			buildActionMask = 2147483647;
			files = (
			);
			inputFileListPaths = (
			);
			inputPaths = (
				"${PODS_PODFILE_DIR_PATH}/Podfile.lock",
				"${PODS_ROOT}/Manifest.lock",
			);
			name = "[CP] Check Pods Manifest.lock";
			outputFileListPaths = (
			);
			outputPaths = (
				"$(DERIVED_FILE_DIR)/Pods-SJSecurity-checkManifestLockResult.txt",
			);
			runOnlyForDeploymentPostprocessing = 0;
			shellPath = /bin/sh;
			shellScript = "diff \"${PODS_PODFILE_DIR_PATH}/Podfile.lock\" \"${PODS_ROOT}/Manifest.lock\" > /dev/null\nif [ $? != 0 ] ; then\n    # print error to STDERR\n    echo \"error: The sandbox is not in sync with the Podfile.lock. Run 'pod install' or update your CocoaPods installation.\" >&2\n    exit 1\nfi\n# This output is used by Xcode 'outputs' to avoid re-running this script phase.\necho \"SUCCESS\" > \"${SCRIPT_OUTPUT_FILE_0}\"\n";
			showEnvVarsInLog = 0;
		};
/* End PBXShellScriptBuildPhase section */

/* Begin PBXSourcesBuildPhase section */
		18E964AC23F7D5FB0073C25B /* Sources */ = {
			isa = PBXSourcesBuildPhase;
			buildActionMask = 2147483647;
			files = (
				18E964B823F7D5FB0073C25B /* ViewController.swift in Sources */,
				18E964B423F7D5FB0073C25B /* AppDelegate.swift in Sources */,
				18E964B623F7D5FB0073C25B /* SceneDelegate.swift in Sources */,
				18A1D09523F92850005FF26D /* RSAKeyPair.swift in Sources */,
				18E964C923F7EFB60073C25B /* Data+AES.swift in Sources */,
			);
			runOnlyForDeploymentPostprocessing = 0;
		};
/* End PBXSourcesBuildPhase section */

/* Begin PBXVariantGroup section */
		18E964B923F7D5FB0073C25B /* Main.storyboard */ = {
			isa = PBXVariantGroup;
			children = (
				18E964BA23F7D5FB0073C25B /* Base */,
			);
			name = Main.storyboard;
			sourceTree = "<group>";
		};
		18E964BE23F7D5FE0073C25B /* LaunchScreen.storyboard */ = {
			isa = PBXVariantGroup;
			children = (
				18E964BF23F7D5FE0073C25B /* Base */,
			);
			name = LaunchScreen.storyboard;
			sourceTree = "<group>";
		};
/* End PBXVariantGroup section */

/* Begin XCBuildConfiguration section */
		18E964C223F7D5FE0073C25B /* Debug */ = {
			isa = XCBuildConfiguration;
			buildSettings = {
				ALWAYS_SEARCH_USER_PATHS = NO;
				CLANG_ANALYZER_NONNULL = YES;
				CLANG_ANALYZER_NUMBER_OBJECT_CONVERSION = YES_AGGRESSIVE;
				CLANG_CXX_LANGUAGE_STANDARD = "gnu++14";
				CLANG_CXX_LIBRARY = "libc++";
				CLANG_ENABLE_MODULES = YES;
				CLANG_ENABLE_OBJC_ARC = YES;
				CLANG_ENABLE_OBJC_WEAK = YES;
				CLANG_WARN_BLOCK_CAPTURE_AUTORELEASING = YES;
				CLANG_WARN_BOOL_CONVERSION = YES;
				CLANG_WARN_COMMA = YES;
				CLANG_WARN_CONSTANT_CONVERSION = YES;
				CLANG_WARN_DEPRECATED_OBJC_IMPLEMENTATIONS = YES;
				CLANG_WARN_DIRECT_OBJC_ISA_USAGE = YES_ERROR;
				CLANG_WARN_DOCUMENTATION_COMMENTS = YES;
				CLANG_WARN_EMPTY_BODY = YES;
				CLANG_WARN_ENUM_CONVERSION = YES;
				CLANG_WARN_INFINITE_RECURSION = YES;
				CLANG_WARN_INT_CONVERSION = YES;
				CLANG_WARN_NON_LITERAL_NULL_CONVERSION = YES;
				CLANG_WARN_OBJC_IMPLICIT_RETAIN_SELF = YES;
				CLANG_WARN_OBJC_LITERAL_CONVERSION = YES;
				CLANG_WARN_OBJC_ROOT_CLASS = YES_ERROR;
				CLANG_WARN_RANGE_LOOP_ANALYSIS = YES;
				CLANG_WARN_STRICT_PROTOTYPES = YES;
				CLANG_WARN_SUSPICIOUS_MOVE = YES;
				CLANG_WARN_UNGUARDED_AVAILABILITY = YES_AGGRESSIVE;
				CLANG_WARN_UNREACHABLE_CODE = YES;
				CLANG_WARN__DUPLICATE_METHOD_MATCH = YES;
				COPY_PHASE_STRIP = NO;
				DEBUG_INFORMATION_FORMAT = dwarf;
				ENABLE_STRICT_OBJC_MSGSEND = YES;
				ENABLE_TESTABILITY = YES;
				GCC_C_LANGUAGE_STANDARD = gnu11;
				GCC_DYNAMIC_NO_PIC = NO;
				GCC_NO_COMMON_BLOCKS = YES;
				GCC_OPTIMIZATION_LEVEL = 0;
				GCC_PREPROCESSOR_DEFINITIONS = (
					"DEBUG=1",
					"$(inherited)",
				);
				GCC_WARN_64_TO_32_BIT_CONVERSION = YES;
				GCC_WARN_ABOUT_RETURN_TYPE = YES_ERROR;
				GCC_WARN_UNDECLARED_SELECTOR = YES;
				GCC_WARN_UNINITIALIZED_AUTOS = YES_AGGRESSIVE;
				GCC_WARN_UNUSED_FUNCTION = YES;
				GCC_WARN_UNUSED_VARIABLE = YES;
				IPHONEOS_DEPLOYMENT_TARGET = 13.0;
				MTL_ENABLE_DEBUG_INFO = INCLUDE_SOURCE;
				MTL_FAST_MATH = YES;
				ONLY_ACTIVE_ARCH = YES;
				SDKROOT = iphoneos;
				SWIFT_ACTIVE_COMPILATION_CONDITIONS = DEBUG;
				SWIFT_OPTIMIZATION_LEVEL = "-Onone";
			};
			name = Debug;
		};
		18E964C323F7D5FE0073C25B /* Release */ = {
			isa = XCBuildConfiguration;
			buildSettings = {
				ALWAYS_SEARCH_USER_PATHS = NO;
				CLANG_ANALYZER_NONNULL = YES;
				CLANG_ANALYZER_NUMBER_OBJECT_CONVERSION = YES_AGGRESSIVE;
				CLANG_CXX_LANGUAGE_STANDARD = "gnu++14";
				CLANG_CXX_LIBRARY = "libc++";
				CLANG_ENABLE_MODULES = YES;
				CLANG_ENABLE_OBJC_ARC = YES;
				CLANG_ENABLE_OBJC_WEAK = YES;
				CLANG_WARN_BLOCK_CAPTURE_AUTORELEASING = YES;
				CLANG_WARN_BOOL_CONVERSION = YES;
				CLANG_WARN_COMMA = YES;
				CLANG_WARN_CONSTANT_CONVERSION = YES;
				CLANG_WARN_DEPRECATED_OBJC_IMPLEMENTATIONS = YES;
				CLANG_WARN_DIRECT_OBJC_ISA_USAGE = YES_ERROR;
				CLANG_WARN_DOCUMENTATION_COMMENTS = YES;
				CLANG_WARN_EMPTY_BODY = YES;
				CLANG_WARN_ENUM_CONVERSION = YES;
				CLANG_WARN_INFINITE_RECURSION = YES;
				CLANG_WARN_INT_CONVERSION = YES;
				CLANG_WARN_NON_LITERAL_NULL_CONVERSION = YES;
				CLANG_WARN_OBJC_IMPLICIT_RETAIN_SELF = YES;
				CLANG_WARN_OBJC_LITERAL_CONVERSION = YES;
				CLANG_WARN_OBJC_ROOT_CLASS = YES_ERROR;
				CLANG_WARN_RANGE_LOOP_ANALYSIS = YES;
				CLANG_WARN_STRICT_PROTOTYPES = YES;
				CLANG_WARN_SUSPICIOUS_MOVE = YES;
				CLANG_WARN_UNGUARDED_AVAILABILITY = YES_AGGRESSIVE;
				CLANG_WARN_UNREACHABLE_CODE = YES;
				CLANG_WARN__DUPLICATE_METHOD_MATCH = YES;
				COPY_PHASE_STRIP = NO;
				DEBUG_INFORMATION_FORMAT = "dwarf-with-dsym";
				ENABLE_NS_ASSERTIONS = NO;
				ENABLE_STRICT_OBJC_MSGSEND = YES;
				GCC_C_LANGUAGE_STANDARD = gnu11;
				GCC_NO_COMMON_BLOCKS = YES;
				GCC_WARN_64_TO_32_BIT_CONVERSION = YES;
				GCC_WARN_ABOUT_RETURN_TYPE = YES_ERROR;
				GCC_WARN_UNDECLARED_SELECTOR = YES;
				GCC_WARN_UNINITIALIZED_AUTOS = YES_AGGRESSIVE;
				GCC_WARN_UNUSED_FUNCTION = YES;
				GCC_WARN_UNUSED_VARIABLE = YES;
				IPHONEOS_DEPLOYMENT_TARGET = 13.0;
				MTL_ENABLE_DEBUG_INFO = NO;
				MTL_FAST_MATH = YES;
				SDKROOT = iphoneos;
				SWIFT_COMPILATION_MODE = wholemodule;
				SWIFT_OPTIMIZATION_LEVEL = "-O";
				VALIDATE_PRODUCT = YES;
			};
			name = Release;
		};
		18E964C523F7D5FE0073C25B /* Debug */ = {
			isa = XCBuildConfiguration;
			baseConfigurationReference = FCF66B96368A097070FF9BAA /* Pods-SJSecurity.debug.xcconfig */;
			buildSettings = {
				ASSETCATALOG_COMPILER_APPICON_NAME = AppIcon;
				CODE_SIGN_STYLE = Automatic;
				DEVELOPMENT_TEAM = 6NLHX4X49M;
				INFOPLIST_FILE = SJSecurity/Info.plist;
				LD_RUNPATH_SEARCH_PATHS = (
					"$(inherited)",
					"@executable_path/Frameworks",
				);
				PRODUCT_BUNDLE_IDENTIFIER = com.jocent.SJSecurity;
				PRODUCT_NAME = "$(TARGET_NAME)";
				SWIFT_VERSION = 5.0;
				TARGETED_DEVICE_FAMILY = "1,2";
			};
			name = Debug;
		};
		18E964C623F7D5FE0073C25B /* Release */ = {
			isa = XCBuildConfiguration;
			baseConfigurationReference = 60951396F0FDD50A46466060 /* Pods-SJSecurity.release.xcconfig */;
			buildSettings = {
				ASSETCATALOG_COMPILER_APPICON_NAME = AppIcon;
				CODE_SIGN_STYLE = Automatic;
				DEVELOPMENT_TEAM = 6NLHX4X49M;
				INFOPLIST_FILE = SJSecurity/Info.plist;
				LD_RUNPATH_SEARCH_PATHS = (
					"$(inherited)",
					"@executable_path/Frameworks",
				);
				PRODUCT_BUNDLE_IDENTIFIER = com.jocent.SJSecurity;
				PRODUCT_NAME = "$(TARGET_NAME)";
				SWIFT_VERSION = 5.0;
				TARGETED_DEVICE_FAMILY = "1,2";
			};
			name = Release;
		};
/* End XCBuildConfiguration section */

/* Begin XCConfigurationList section */
		18E964AB23F7D5FB0073C25B /* Build configuration list for PBXProject "SJSecurity" */ = {
			isa = XCConfigurationList;
			buildConfigurations = (
				18E964C223F7D5FE0073C25B /* Debug */,
				18E964C323F7D5FE0073C25B /* Release */,
			);
			defaultConfigurationIsVisible = 0;
			defaultConfigurationName = Release;
		};
		18E964C423F7D5FE0073C25B /* Build configuration list for PBXNativeTarget "SJSecurity" */ = {
			isa = XCConfigurationList;
			buildConfigurations = (
				18E964C523F7D5FE0073C25B /* Debug */,
				18E964C623F7D5FE0073C25B /* Release */,
			);
			defaultConfigurationIsVisible = 0;
			defaultConfigurationName = Release;
		};
/* End XCConfigurationList section */
	};
	rootObject = 18E964A823F7D5FB0073C25B /* Project object */;
}
